
Microsoft Visual Studio Solution File, Format Version 12.00
# Visual Studio Version 17
VisualStudioVersion = 17.14.36705.20
MinimumVisualStudioVersion = 10.0.40219.1
Project("{FAE04EC0-301F-11D3-BF4B-00C04F79EFBC}") = "TimescaleManager", "TimescaleManager\TimescaleManager.csproj", "{6ED1821C-A46A-4A3B-A26D-BF7579690F2A}"
EndProject
Project("{FAE04EC0-301F-11D3-BF4B-00C04F79EFBC}") = "Domain", "Domain\Domain.csproj", "{82A74C6A-6313-425E-ACDF-67419EA24322}"
EndProject
Project("{FAE04EC0-301F-11D3-BF4B-00C04F79EFBC}") = "Infrastructure", "Infrastructure\Infrastructure.csproj", "{0615483C-A852-4768-A667-47E4B879A2D8}"
EndProject
Project("{FAE04EC0-301F-11D3-BF4B-00C04F79EFBC}") = "Tests", "Tests\Tests.csproj", "{407C4BE3-318D-4EC0-A464-F6D20A139493}"
EndProject
Global
	GlobalSection(SolutionConfigurationPlatforms) = preSolution
		Debug|Any CPU = Debug|Any CPU
		Release|Any CPU = Release|Any CPU
	EndGlobalSection
	GlobalSection(ProjectConfigurationPlatforms) = postSolution
		{6ED1821C-A46A-4A3B-A26D-BF7579690F2A}.Debug|Any CPU.ActiveCfg = Debug|Any CPU
		{6ED1821C-A46A-4A3B-A26D-BF7579690F2A}.Debug|Any CPU.Build.0 = Debug|Any CPU
		{6ED1821C-A46A-4A3B-A26D-BF7579690F2A}.Release|Any CPU.ActiveCfg = Release|Any CPU
		{6ED1821C-A46A-4A3B-A26D-BF7579690F2A}.Release|Any CPU.Build.0 = Release|Any CPU
		{82A74C6A-6313-425E-ACDF-67419EA24322}.Debug|Any CPU.ActiveCfg = Debug|Any CPU
		{82A74C6A-6313-425E-ACDF-67419EA24322}.Debug|Any CPU.Build.0 = Debug|Any CPU
		{82A74C6A-6313-425E-ACDF-67419EA24322}.Release|Any CPU.ActiveCfg = Release|Any CPU
		{82A74C6A-6313-425E-ACDF-67419EA24322}.Release|Any CPU.Build.0 = Release|Any CPU
		{0615483C-A852-4768-A667-47E4B879A2D8}.Debug|Any CPU.ActiveCfg = Debug|Any CPU
		{0615483C-A852-4768-A667-47E4B879A2D8}.Debug|Any CPU.Build.0 = Debug|Any CPU
		{0615483C-A852-4768-A667-47E4B879A2D8}.Release|Any CPU.ActiveCfg = Release|Any CPU
		{0615483C-A852-4768-A667-47E4B879A2D8}.Release|Any CPU.Build.0 = Release|Any CPU
		{407C4BE3-318D-4EC0-A464-F6D20A139493}.Debug|Any CPU.ActiveCfg = Debug|Any CPU
		{407C4BE3-318D-4EC0-A464-F6D20A139493}.Debug|Any CPU.Build.0 = Debug|Any CPU
		{407C4BE3-318D-4EC0-A464-F6D20A139493}.Release|Any CPU.ActiveCfg = Release|Any CPU
		{407C4BE3-318D-4EC0-A464-F6D20A139493}.Release|Any CPU.Build.0 = Release|Any CPU
	EndGlobalSection
	GlobalSection(SolutionProperties) = preSolution
		HideSolutionNode = FALSE
	EndGlobalSection
	GlobalSection(ExtensibilityGlobals) = postSolution
		SolutionGuid = {613702D5-C583-4C0D-9F71-5DCFFAF1E5FB}
	EndGlobalSection
EndGlobal
